version = 1
revision = 3
requires-python = ">=3.12"

[[package]]
name = "dnspython"
version = "2.7.0"
source = { registry = "https://pypi.org/simple" }
sdist = { url = "https://files.pythonhosted.org/packages/b5/4a/263763cb2ba3816dd94b08ad3a33d5fdae34ecb856678773cc40a3605829/dnspython-2.7.0.tar.gz", hash = "sha256:ce9c432eda0dc91cf618a5cedf1a4e142651196bbcd2c80e89ed5a907e5cfaf1", size = 345197, upload-time = "2024-10-05T20:14:59.362Z" }
wheels = [
    { url = "https://files.pythonhosted.org/packages/68/1b/e0a87d256e40e8c888847551b20a017a6b98139178505dc7ffb96f04e954/dnspython-2.7.0-py3-none-any.whl", hash = "sha256:b4c34b7d10b51bcc3a5071e7b8dee77939f1e878477eeecc965e9835f63c6c86", size = 313632, upload-time = "2024-10-05T20:14:57.687Z" },
]

[[package]]
name = "domabot"
version = "0.1.0"
source = { virtual = "." }
dependencies = [
    { name = "polib" },
    { name = "pymongo" },
    { name = "python-dotenv" },
    { name = "telethon" },
]

[package.metadata]
requires-dist = [
    { name = "polib", specifier = "==1.2.0" },
    { name = "pymongo", specifier = "==4.14.0" },
    { name = "python-dotenv", specifier = "==1.1.1" },
    { name = "telethon", specifier = "==1.40.0" },
]

[[package]]
name = "polib"
version = "1.2.0"
source = { registry = "https://pypi.org/simple" }
sdist = { url = "https://files.pythonhosted.org/packages/10/9a/79b1067d27e38ddf84fe7da6ec516f1743f31f752c6122193e7bce38bdbf/polib-1.2.0.tar.gz", hash = "sha256:f3ef94aefed6e183e342a8a269ae1fc4742ba193186ad76f175938621dbfc26b", size = 161658, upload-time = "2023-02-23T17:53:56.873Z" }
wheels = [
    { url = "https://files.pythonhosted.org/packages/6b/99/45bb1f9926efe370c6dbe324741c749658e44cb060124f28dad201202274/polib-1.2.0-py2.py3-none-any.whl", hash = "sha256:1c77ee1b81feb31df9bca258cbc58db1bbb32d10214b173882452c73af06d62d", size = 20634, upload-time = "2023-02-23T17:53:59.919Z" },
]

[[package]]
name = "pyaes"
version = "1.6.1"
source = { registry = "https://pypi.org/simple" }
sdist = { url = "https://files.pythonhosted.org/packages/44/66/2c17bae31c906613795711fc78045c285048168919ace2220daa372c7d72/pyaes-1.6.1.tar.gz", hash = "sha256:02c1b1405c38d3c370b085fb952dd8bea3fadcee6411ad99f312cc129c536d8f", size = 28536, upload-time = "2017-09-20T21:17:54.23Z" }

[[package]]
name = "pyasn1"
version = "0.6.1"
source = { registry = "https://pypi.org/simple" }
sdist = { url = "https://files.pythonhosted.org/packages/ba/e9/01f1a64245b89f039897cb0130016d79f77d52669aae6ee7b159a6c4c018/pyasn1-0.6.1.tar.gz", hash = "sha256:6f580d2bdd84365380830acf45550f2511469f673cb4a5ae3857a3170128b034", size = 145322, upload-time = "2024-09-10T22:41:42.55Z" }
wheels = [
    { url = "https://files.pythonhosted.org/packages/c8/f1/d6a797abb14f6283c0ddff96bbdd46937f64122b8c925cab503dd37f8214/pyasn1-0.6.1-py3-none-any.whl", hash = "sha256:0d632f46f2ba09143da3a8afe9e33fb6f92fa2320ab7e886e2d0f7672af84629", size = 83135, upload-time = "2024-09-11T16:00:36.122Z" },
]

[[package]]
name = "pymongo"
version = "4.14.0"
source = { registry = "https://pypi.org/simple" }
dependencies = [
    { name = "dnspython" },
]
sdist = { url = "https://files.pythonhosted.org/packages/bf/1c/f148bb1747c48955dbeea34a53c6d60b858f902c61c62330d277ee806af7/pymongo-4.14.0.tar.gz", hash = "sha256:15674e3fddce78cf134fc4e55f90abf1608a48430130cd35efdf3802fd47a1d1", size = 2213509, upload-time = "2025-08-06T13:41:11.04Z" }
wheels = [
    { url = "https://files.pythonhosted.org/packages/ca/fd/71936f5188d76e1e5d86749c39fb15f7aaf7fdc0a81d62ca084cad9ed740/pymongo-4.14.0-cp312-cp312-macosx_10_13_x86_64.whl", hash = "sha256:864f005459ef9b19c60cb96ca755124e0291d211000859f33c62a166f55eba27", size = 914026, upload-time = "2025-08-06T13:40:06.024Z" },
    { url = "https://files.pythonhosted.org/packages/bd/7e/821ec87233b0cdc0cb5b2f9845d7ff52e94e5a37cc05c6d59a3d6c5f6f98/pymongo-4.14.0-cp312-cp312-macosx_11_0_arm64.whl", hash = "sha256:69956f971a6f8dafc62e5c83ac21ebf15d5757e13758284f12218ad7fbd3c0fe", size = 913721, upload-time = "2025-08-06T13:40:07.459Z" },
    { url = "https://files.pythonhosted.org/packages/82/67/174f6b92efe4da967e8fcbaa25e59c6cb06efd395cacc9558c1254565031/pymongo-4.14.0-cp312-cp312-manylinux_2_17_aarch64.manylinux2014_aarch64.whl", hash = "sha256:91200f47453a1cb97136629e28f4091a109756ec37067b622f90c4b626b4af8d", size = 1692360, upload-time = "2025-08-06T13:40:08.857Z" },
    { url = "https://files.pythonhosted.org/packages/d1/b5/36e84df138cd4a8280334ed5e6e7f5fa52a9cbe933cd68d9e10c9bca6639/pymongo-4.14.0-cp312-cp312-manylinux_2_17_ppc64le.manylinux2014_ppc64le.whl", hash = "sha256:c32f5e23e9dd31e20800d993f3695b6627664dc7da30ac1669f9716833b33175", size = 1756598, upload-time = "2025-08-06T13:40:10.61Z" },
    { url = "https://files.pythonhosted.org/packages/ad/7f/c6964ce567a4cc6248d7f0959af9b7d9e51837a3ca3d54b15ade6eecf376/pymongo-4.14.0-cp312-cp312-manylinux_2_17_s390x.manylinux2014_s390x.whl", hash = "sha256:f4407c1ab7514e08d4af0f58cf9d7eddc86e45e458fe46f99a72a5d18dbc71dc", size = 1725641, upload-time = "2025-08-06T13:40:12.07Z" },
    { url = "https://files.pythonhosted.org/packages/7d/5b/827dca0b1b53118a96749a63886c1bbc04bf56b68424038baf7dabc98380/pymongo-4.14.0-cp312-cp312-manylinux_2_17_x86_64.manylinux2014_x86_64.whl", hash = "sha256:0ec6666e599ee10cc5cde0cc6a8519373384a14af3a310ede1bf177105f38fb0", size = 1695618, upload-time = "2025-08-06T13:40:13.845Z" },
    { url = "https://files.pythonhosted.org/packages/9e/45/f53f6531836f9da26b753c60e0d0a0c6f22ac023ba8ef1286addf56ce86f/pymongo-4.14.0-cp312-cp312-manylinux_2_5_i686.manylinux1_i686.manylinux_2_17_i686.manylinux2014_i686.whl", hash = "sha256:a809a982a843bb561c7030059d54ea7f1dcc967cc72a45f1435695e2a2a515a5", size = 1654748, upload-time = "2025-08-06T13:40:15.401Z" },
    { url = "https://files.pythonhosted.org/packages/83/3b/4b33d36c00a0c44889322b8e9a0650aa5668bc531f6301f01ad7a242d120/pymongo-4.14.0-cp312-cp312-win32.whl", hash = "sha256:3866d031fcbe81d7677c078026e650aeef8915560ba758a28051debce38f6b77", size = 884844, upload-time = "2025-08-06T13:40:17.21Z" },
    { url = "https://files.pythonhosted.org/packages/eb/f6/68b52e16fb831c246171379ae2115cc8cb282f6b7b47fbe7fb8cc4b9df1f/pymongo-4.14.0-cp312-cp312-win_amd64.whl", hash = "sha256:91b8de871a40225bbe4f92d6dc3f20c26bf838e49d3563592131401af0d665a6", size = 904277, upload-time = "2025-08-06T13:40:18.722Z" },
    { url = "https://files.pythonhosted.org/packages/97/99/d6c145e57387bfa2b6d90f4f5285f2b0903625733dcc6403aa9d7abeddbb/pymongo-4.14.0-cp313-cp313-macosx_10_13_x86_64.whl", hash = "sha256:54576faf8e6fefe17886a201f9df61bdf728ccac9a7a0847095a0e8480cd6ec1", size = 968259, upload-time = "2025-08-06T13:40:20.551Z" },
    { url = "https://files.pythonhosted.org/packages/8d/36/5226af83554bbfa0d754aa1ab022af92f64a2376604d56c9a8c50e247b85/pymongo-4.14.0-cp313-cp313-macosx_11_0_arm64.whl", hash = "sha256:c64ef5e58adedecb853a680eb5d1aea50770197f212e202d6eb50c801797b576", size = 967959, upload-time = "2025-08-06T13:40:21.962Z" },
    { url = "https://files.pythonhosted.org/packages/6d/f5/4e627e3e5230e8c62c5fe218b5cb1347a1b01932fd6446c3f03e18ec29c5/pymongo-4.14.0-cp313-cp313-manylinux_2_17_aarch64.manylinux2014_aarch64.whl", hash = "sha256:5f1c0cdddf9783065bf55d3fe025843c0974a828bafc9bb5514ae28dd2828a40", size = 1956074, upload-time = "2025-08-06T13:40:23.413Z" },
    { url = "https://files.pythonhosted.org/packages/16/05/989cfdc8536245a55a549f76ba20356822ebfce752e72a5164bd0795ace0/pymongo-4.14.0-cp313-cp313-manylinux_2_17_ppc64le.manylinux2014_ppc64le.whl", hash = "sha256:22805d4fa587b526ac3129ee634a8761abbeb76883045718438f5b8e72f91ce6", size = 2033427, upload-time = "2025-08-06T13:40:25.325Z" },
    { url = "https://files.pythonhosted.org/packages/93/a5/fafef0230fa6cc5d4bb5addcea77d8b71f4eca4d31a5a596d26398aaa45a/pymongo-4.14.0-cp313-cp313-manylinux_2_17_s390x.manylinux2014_s390x.whl", hash = "sha256:7c3e6e669cf36b27694de2730f5d5b31ef492ffe99446563192c4e8ee84ca859", size = 1997344, upload-time = "2025-08-06T13:40:26.91Z" },
    { url = "https://files.pythonhosted.org/packages/9b/6c/1170d5c8e087832dba2b0930ec90bafde8a59efa37b521d9a5902ec9d282/pymongo-4.14.0-cp313-cp313-manylinux_2_17_x86_64.manylinux2014_x86_64.whl", hash = "sha256:9763a2477d5388df65ab6f591cf0cb7fd34f4a66f873c31e63288fd79887742c", size = 1958072, upload-time = "2025-08-06T13:40:28.865Z" },
    { url = "https://files.pythonhosted.org/packages/27/7b/bb07c7c4c102046ff92f3acd05d85870e06a08df2a0fcd2e87586f2516fe/pymongo-4.14.0-cp313-cp313-manylinux_2_5_i686.manylinux1_i686.manylinux_2_17_i686.manylinux2014_i686.whl", hash = "sha256:88d6f5aceab3528b8760942a57635599925f7fd743691f9d759a02124207dfd0", size = 1907647, upload-time = "2025-08-06T13:40:30.435Z" },
    { url = "https://files.pythonhosted.org/packages/21/e6/c0ee2163133f1a437cd3b0308521e24181b69b5510b9eabde9ee86999c12/pymongo-4.14.0-cp313-cp313-win32.whl", hash = "sha256:e283feafde118cbbb03adc036b882be042b0a2eca121ec5d6bbec3e12980e8fa", size = 931673, upload-time = "2025-08-06T13:40:31.956Z" },
    { url = "https://files.pythonhosted.org/packages/ec/1d/1692f0696d8e6bcb3e43469999eeb92d5f0acdb9a50aca2c869820321df9/pymongo-4.14.0-cp313-cp313-win_amd64.whl", hash = "sha256:a29b62d421a512833e99d4781b64e695cfe23b4c4a9159ea83e56fc2660f2480", size = 955893, upload-time = "2025-08-06T13:40:33.461Z" },
    { url = "https://files.pythonhosted.org/packages/fd/19/f3ed531d7151dc2d1be27746c206e74403283873ec5d12170616982eccb0/pymongo-4.14.0-cp313-cp313t-macosx_10_13_x86_64.whl", hash = "sha256:67225d5fb1be2a34c6f73cde9d81a8041a095a94ed2433e2cf9e2f1657443def", size = 1024757, upload-time = "2025-08-06T13:40:35.277Z" },
    { url = "https://files.pythonhosted.org/packages/36/f9/38782d41e16d11ba540ddfc618104e249a5b950a446b8a77a17f3416c6e6/pymongo-4.14.0-cp313-cp313t-macosx_11_0_arm64.whl", hash = "sha256:bbf0dbe8554978c1271bdc82366852245a03ab124a1387b6f3531f64adac3c39", size = 1024765, upload-time = "2025-08-06T13:40:36.797Z" },
    { url = "https://files.pythonhosted.org/packages/82/75/b385aa6ed09d077b47b00d4bc3c4b9bdac97b50fde3be7599ff9ceef8cbc/pymongo-4.14.0-cp313-cp313t-manylinux_2_17_aarch64.manylinux2014_aarch64.whl", hash = "sha256:b7f61561cbc7426ffc2d37b46e65ab5323fc366644f70c8e2240ed5452e2c402", size = 2284433, upload-time = "2025-08-06T13:40:38.35Z" },
    { url = "https://files.pythonhosted.org/packages/f2/29/d0dbf281e58e26dbeef4e972905b371c63d33c5aa8caa0d58140224bfee5/pymongo-4.14.0-cp313-cp313t-manylinux_2_17_ppc64le.manylinux2014_ppc64le.whl", hash = "sha256:502cd551679753fb7838221c3bbb963da4b4aa0576848192afb1f78128ff729a", size = 2371473, upload-time = "2025-08-06T13:40:39.852Z" },
    { url = "https://files.pythonhosted.org/packages/db/eb/089dfc96a29881ed17964705ea254da2f8b3aebf9754abd6aaa8125e1589/pymongo-4.14.0-cp313-cp313t-manylinux_2_17_s390x.manylinux2014_s390x.whl", hash = "sha256:cba6b59afef2b47c4859bf36115fa577330601b93e39d04f39fcc6103e801286", size = 2330862, upload-time = "2025-08-06T13:40:41.803Z" },
    { url = "https://files.pythonhosted.org/packages/35/07/b4f1215314e5f1114a899c33f17219b1f590502c736058c50571fa189ed1/pymongo-4.14.0-cp313-cp313t-manylinux_2_17_x86_64.manylinux2014_x86_64.whl", hash = "sha256:1c0fa103f978c15f7c2f0d7b2e010c24c327432a0310503bc0ec93c5f9be9e81", size = 2282058, upload-time = "2025-08-06T13:40:43.467Z" },
    { url = "https://files.pythonhosted.org/packages/c0/a1/87340e5a38003ef3591fdfc4b911fb32531b0dbbed8ab2431006858590fe/pymongo-4.14.0-cp313-cp313t-manylinux_2_5_i686.manylinux1_i686.manylinux_2_17_i686.manylinux2014_i686.whl", hash = "sha256:5fe93676afe37794f01b8df5cf16528dce4d7d174cdf51ea1586c234eb5263c2", size = 2221380, upload-time = "2025-08-06T13:40:45.256Z" },
    { url = "https://files.pythonhosted.org/packages/0a/68/3970d18b0b58c4681598bc1e233f33c15ff0c388422b17ddd195e214f35d/pymongo-4.14.0-cp313-cp313t-win32.whl", hash = "sha256:1462fc2bb39527f01eea5378172b66c45d62e22fa4be957afe2ec747c4d2ff51", size = 980892, upload-time = "2025-08-06T13:40:46.908Z" },
    { url = "https://files.pythonhosted.org/packages/2d/fa/68b1555e62ed3ee87f8a2de99d5fb840cf045748da4488870b4dced44a95/pymongo-4.14.0-cp313-cp313t-win_amd64.whl", hash = "sha256:e506af9b25aac77cc5c5ea4a72f81764e4f5ea90ca799aac43d665ab269f291d", size = 1011181, upload-time = "2025-08-06T13:40:48.641Z" },
]

[[package]]
name = "python-dotenv"
version = "1.1.1"
source = { registry = "https://pypi.org/simple" }
sdist = { url = "https://files.pythonhosted.org/packages/f6/b0/4bc07ccd3572a2f9df7e6782f52b0c6c90dcbb803ac4a167702d7d0dfe1e/python_dotenv-1.1.1.tar.gz", hash = "sha256:a8a6399716257f45be6a007360200409fce5cda2661e3dec71d23dc15f6189ab", size = 41978, upload-time = "2025-06-24T04:21:07.341Z" }
wheels = [
    { url = "https://files.pythonhosted.org/packages/5f/ed/539768cf28c661b5b068d66d96a2f155c4971a5d55684a514c1a0e0dec2f/python_dotenv-1.1.1-py3-none-any.whl", hash = "sha256:31f23644fe2602f88ff55e1f5c79ba497e01224ee7737937930c448e4d0e24dc", size = 20556, upload-time = "2025-06-24T04:21:06.073Z" },
]

[[package]]
name = "rsa"
version = "4.9.1"
source = { registry = "https://pypi.org/simple" }
dependencies = [
    { name = "pyasn1" },
]
sdist = { url = "https://files.pythonhosted.org/packages/da/8a/22b7beea3ee0d44b1916c0c1cb0ee3af23b700b6da9f04991899d0c555d4/rsa-4.9.1.tar.gz", hash = "sha256:e7bdbfdb5497da4c07dfd35530e1a902659db6ff241e39d9953cad06ebd0ae75", size = 29034, upload-time = "2025-04-16T09:51:18.218Z" }
wheels = [
    { url = "https://files.pythonhosted.org/packages/64/8d/0133e4eb4beed9e425d9a98ed6e081a55d195481b7632472be1af08d2f6b/rsa-4.9.1-py3-none-any.whl", hash = "sha256:68635866661c6836b8d39430f97a996acbd61bfa49406748ea243539fe239762", size = 34696, upload-time = "2025-04-16T09:51:17.142Z" },
]

[[package]]
name = "telethon"
version = "1.40.0"
source = { registry = "https://pypi.org/simple" }
dependencies = [
    { name = "pyaes" },
    { name = "rsa" },
]
sdist = { url = "https://files.pythonhosted.org/packages/58/af/9b7111e3f63fffe8e55b7ceb8bda023173e2052f420b6debcb25fd2fbc15/telethon-1.40.0.tar.gz", hash = "sha256:40e83326877a2e68b754d4b6d0d1ca5ac924110045b039e02660f2d67add97db", size = 646723, upload-time = "2025-04-21T09:12:10.506Z" }
wheels = [
    { url = "https://files.pythonhosted.org/packages/2c/5a/c5370edb3215d19a6e858f4169b8eec725ba55f9d39df0f557508048c037/Telethon-1.40.0-py3-none-any.whl", hash = "sha256:146fd4cb2a7afa66bc67f9c2167756096a37b930f65711a3e7399ec9874dcfa7", size = 722013, upload-time = "2025-04-21T09:12:08.399Z" },
]
